
Microsoft Visual Studio Solution File, Format Version 12.00
# Visual Studio Version 17
VisualStudioVersion = 17.5.33530.505
MinimumVisualStudioVersion = 10.0.40219.1
Project("{FAE04EC0-301F-11D3-BF4B-00C04F79EFBC}") = "VCard", "VCard\VCard.csproj", "{C5CA413C-816D-434A-8977-5176CB090A64}"
EndProject
Global
	GlobalSection(SolutionConfigurationPlatforms) = preSolution
		Debug|Any CPU = Debug|Any CPU
		Release|Any CPU = Release|Any CPU
	EndGlobalSection
	GlobalSection(ProjectConfigurationPlatforms) = postSolution
		{C5CA413C-816D-434A-8977-5176CB090A64}.Debug|Any CPU.ActiveCfg = Debug|Any CPU
		{C5CA413C-816D-434A-8977-5176CB090A64}.Debug|Any CPU.Build.0 = Debug|Any CPU
		{C5CA413C-816D-434A-8977-5176CB090A64}.Release|Any CPU.ActiveCfg = Release|Any CPU
		{C5CA413C-816D-434A-8977-5176CB090A64}.Release|Any CPU.Build.0 = Release|Any CPU
	EndGlobalSection
	GlobalSection(SolutionProperties) = preSolution
		HideSolutionNode = FALSE
	EndGlobalSection
	GlobalSection(ExtensibilityGlobals) = postSolution
		SolutionGuid = {D07C0BD1-87F2-48F4-8F7F-98D0CD4640DF}
	EndGlobalSection
EndGlobal
